
Microsoft Visual Studio Solution File, Format Version 12.00
# Visual Studio Version 16
VisualStudioVersion = 16.0.31313.79
MinimumVisualStudioVersion = 10.0.40219.1
Project("{FAE04EC0-301F-11D3-BF4B-00C04F79EFBC}") = "Examen", "Examen\Examen.csproj", "{4309F26A-4EA3-4C24-8DF1-7FEE4112400F}"
EndProject
Project("{FAE04EC0-301F-11D3-BF4B-00C04F79EFBC}") = "API.Examen", "API.Examen\API.Examen.csproj", "{F859414F-10E6-4074-91A5-C7DB943C5094}"
EndProject
Project("{FAE04EC0-301F-11D3-BF4B-00C04F79EFBC}") = "Model", "Model\Model.csproj", "{F3FA24E7-A8EF-4A5E-AEA3-D37692E992BE}"
EndProject
Project("{FAE04EC0-301F-11D3-BF4B-00C04F79EFBC}") = "Utils", "Utils\Utils.csproj", "{ED30742D-210F-46B2-88AA-0F8F9C755B1A}"
EndProject
Project("{FAE04EC0-301F-11D3-BF4B-00C04F79EFBC}") = "ApiComm", "ApiComm\ApiComm.csproj", "{3E175AB5-3CB8-4F09-AF7D-1A3C5A0C4307}"
EndProject
Project("{FAE04EC0-301F-11D3-BF4B-00C04F79EFBC}") = "ModelEF", "ModelEF\ModelEF.csproj", "{90F709B8-A6CC-444F-BB64-47CF923DEE75}"
EndProject
Global
	GlobalSection(SolutionConfigurationPlatforms) = preSolution
		Debug|Any CPU = Debug|Any CPU
		Release|Any CPU = Release|Any CPU
	EndGlobalSection
	GlobalSection(ProjectConfigurationPlatforms) = postSolution
		{4309F26A-4EA3-4C24-8DF1-7FEE4112400F}.Debug|Any CPU.ActiveCfg = Debug|Any CPU
		{4309F26A-4EA3-4C24-8DF1-7FEE4112400F}.Debug|Any CPU.Build.0 = Debug|Any CPU
		{4309F26A-4EA3-4C24-8DF1-7FEE4112400F}.Release|Any CPU.ActiveCfg = Release|Any CPU
		{4309F26A-4EA3-4C24-8DF1-7FEE4112400F}.Release|Any CPU.Build.0 = Release|Any CPU
		{F859414F-10E6-4074-91A5-C7DB943C5094}.Debug|Any CPU.ActiveCfg = Debug|Any CPU
		{F859414F-10E6-4074-91A5-C7DB943C5094}.Debug|Any CPU.Build.0 = Debug|Any CPU
		{F859414F-10E6-4074-91A5-C7DB943C5094}.Release|Any CPU.ActiveCfg = Release|Any CPU
		{F859414F-10E6-4074-91A5-C7DB943C5094}.Release|Any CPU.Build.0 = Release|Any CPU
		{F3FA24E7-A8EF-4A5E-AEA3-D37692E992BE}.Debug|Any CPU.ActiveCfg = Debug|Any CPU
		{F3FA24E7-A8EF-4A5E-AEA3-D37692E992BE}.Debug|Any CPU.Build.0 = Debug|Any CPU
		{F3FA24E7-A8EF-4A5E-AEA3-D37692E992BE}.Release|Any CPU.ActiveCfg = Release|Any CPU
		{F3FA24E7-A8EF-4A5E-AEA3-D37692E992BE}.Release|Any CPU.Build.0 = Release|Any CPU
		{ED30742D-210F-46B2-88AA-0F8F9C755B1A}.Debug|Any CPU.ActiveCfg = Debug|Any CPU
		{ED30742D-210F-46B2-88AA-0F8F9C755B1A}.Debug|Any CPU.Build.0 = Debug|Any CPU
		{ED30742D-210F-46B2-88AA-0F8F9C755B1A}.Release|Any CPU.ActiveCfg = Release|Any CPU
		{ED30742D-210F-46B2-88AA-0F8F9C755B1A}.Release|Any CPU.Build.0 = Release|Any CPU
		{3E175AB5-3CB8-4F09-AF7D-1A3C5A0C4307}.Debug|Any CPU.ActiveCfg = Debug|Any CPU
		{3E175AB5-3CB8-4F09-AF7D-1A3C5A0C4307}.Debug|Any CPU.Build.0 = Debug|Any CPU
		{3E175AB5-3CB8-4F09-AF7D-1A3C5A0C4307}.Release|Any CPU.ActiveCfg = Release|Any CPU
		{3E175AB5-3CB8-4F09-AF7D-1A3C5A0C4307}.Release|Any CPU.Build.0 = Release|Any CPU
		{90F709B8-A6CC-444F-BB64-47CF923DEE75}.Debug|Any CPU.ActiveCfg = Debug|Any CPU
		{90F709B8-A6CC-444F-BB64-47CF923DEE75}.Debug|Any CPU.Build.0 = Debug|Any CPU
		{90F709B8-A6CC-444F-BB64-47CF923DEE75}.Release|Any CPU.ActiveCfg = Release|Any CPU
		{90F709B8-A6CC-444F-BB64-47CF923DEE75}.Release|Any CPU.Build.0 = Release|Any CPU
	EndGlobalSection
	GlobalSection(SolutionProperties) = preSolution
		HideSolutionNode = FALSE
	EndGlobalSection
	GlobalSection(ExtensibilityGlobals) = postSolution
		SolutionGuid = {BFA897B0-7026-4F20-BE83-B0753ED991DB}
	EndGlobalSection
EndGlobal
